
Microsoft Visual Studio Solution File, Format Version 12.00
# Visual Studio Version 16
VisualStudioVersion = 16.0.29215.179
MinimumVisualStudioVersion = 10.0.40219.1
Project("{FAE04EC0-301F-11D3-BF4B-00C04F79EFBC}") = "Array Lab", "Array Lab\Array Lab.csproj", "{C224D61B-6AD6-4C35-9F08-4F0F7758C91D}"
EndProject
Global
	GlobalSection(SolutionConfigurationPlatforms) = preSolution
		Debug|Any CPU = Debug|Any CPU
		Release|Any CPU = Release|Any CPU
	EndGlobalSection
	GlobalSection(ProjectConfigurationPlatforms) = postSolution
		{C224D61B-6AD6-4C35-9F08-4F0F7758C91D}.Debug|Any CPU.ActiveCfg = Debug|Any CPU
		{C224D61B-6AD6-4C35-9F08-4F0F7758C91D}.Debug|Any CPU.Build.0 = Debug|Any CPU
		{C224D61B-6AD6-4C35-9F08-4F0F7758C91D}.Release|Any CPU.ActiveCfg = Release|Any CPU
		{C224D61B-6AD6-4C35-9F08-4F0F7758C91D}.Release|Any CPU.Build.0 = Release|Any CPU
	EndGlobalSection
	GlobalSection(SolutionProperties) = preSolution
		HideSolutionNode = FALSE
	EndGlobalSection
	GlobalSection(ExtensibilityGlobals) = postSolution
		SolutionGuid = {B6F83655-CE69-4D52-B98D-7C0F70E1DC3C}
	EndGlobalSection
EndGlobal
